PODS:
  - AEXML (4.6.0)
  - Cosmos (23.0.0)
  - EPUBKit (0.3.1):
    - AEXML
    - Zip
  - FBSDKCoreKit (9.3.0):
    - FBSDKCoreKit/Basics (= 9.3.0)
    - FBSDKCoreKit/Core (= 9.3.0)
  - FBSDKCoreKit/Basics (9.3.0)
  - FBSDKCoreKit/Core (9.3.0):
    - FBSDKCoreKit/Basics
  - FBSDKLoginKit (9.3.0):
    - FBSDKLoginKit/Login (= 9.3.0)
  - FBSDKLoginKit/Login (9.3.0):
    - FBSDKCoreKit (~> 9.3.0)
  - Realm (10.7.2):
    - Realm/Headers (= 10.7.2)
  - Realm/Headers (10.7.2)
  - RealmSwift (10.7.2):
    - Realm (= 10.7.2)
  - RxCocoa (6.2.0):
    - RxRelay (= 6.2.0)
    - RxSwift (= 6.2.0)
  - RxRelay (6.2.0):
    - RxSwift (= 6.2.0)
  - RxSwift (6.2.0)
  - Zip (2.1.1)

DEPENDENCIES:
  - Cosmos
  - EPUBKit
  - FBSDKLoginKit
  - RealmSwift
  - RxCocoa
  - RxSwift

SPEC REPOS:
  trunk:
    - AEXML
    - Cosmos
    - EPUBKit
    - FBSDKCoreKit
    - FBSDKLoginKit
    - Realm
    - RealmSwift
    - RxCocoa
    - RxRelay
    - RxSwift
    - Zip

SPEC CHECKSUMS:
  AEXML: 2fbb73d8724797ed2cde888731e176fa4d44dd83
  Cosmos: b5c6a9a637e28a061b54c8f8b1d8529d7d4db73f
  EPUBKit: 7ba9a980346d75acda03717fd66d1696fafe6417
  FBSDKCoreKit: 0d1ae58388a458b8222f72025804cdc84eb5d0c3
  FBSDKLoginKit: aea68df6121c5e165ccae2fabfdc83c4644ee40f
  Realm: e523da9ade306c5ae87e85dc09fdef148d3e1cc1
  RealmSwift: 4f6758c3adbdcc87f7b7777107226532a077f61c
  RxCocoa: 4baf94bb35f2c0ab31bc0cb9f1900155f646ba42
  RxRelay: e72dbfd157807478401ef1982e1c61c945c94b2f
  RxSwift: d356ab7bee873611322f134c5f9ef379fa183d8f
  Zip: 414f59909701fda9a84ab774ebe0f5449b1082cc

PODFILE CHECKSUM: de84092708473ceb6b107258c86a026e29d2e4fe

COCOAPODS: 1.10.1
